
Microsoft Visual Studio Solution File, Format Version 12.00
# Visual Studio Version 17
VisualStudioVersion = 17.13.35806.99 d17.13
MinimumVisualStudioVersion = 10.0.40219.1
Project("{FAE04EC0-301F-11D3-BF4B-00C04F79EFBC}") = "EasyMoto", "EasyMoto.csproj", "{F82E5F78-6273-4E5F-8C6D-BA14FEDDEAAD}"
EndProject
Global
	GlobalSection(SolutionConfigurationPlatforms) = preSolution
		Debug|Any CPU = Debug|Any CPU
		Release|Any CPU = Release|Any CPU
	EndGlobalSection
	GlobalSection(ProjectConfigurationPlatforms) = postSolution
		{F82E5F78-6273-4E5F-8C6D-BA14FEDDEAAD}.Debug|Any CPU.ActiveCfg = Debug|Any CPU
		{F82E5F78-6273-4E5F-8C6D-BA14FEDDEAAD}.Debug|Any CPU.Build.0 = Debug|Any CPU
		{F82E5F78-6273-4E5F-8C6D-BA14FEDDEAAD}.Release|Any CPU.ActiveCfg = Release|Any CPU
		{F82E5F78-6273-4E5F-8C6D-BA14FEDDEAAD}.Release|Any CPU.Build.0 = Release|Any CPU
	EndGlobalSection
	GlobalSection(SolutionProperties) = preSolution
		HideSolutionNode = FALSE
	EndGlobalSection
	GlobalSection(ExtensibilityGlobals) = postSolution
		SolutionGuid = {C332A988-4A05-4F97-B82B-C456FBA70126}
	EndGlobalSection
EndGlobal
